
Microsoft Visual Studio Solution File, Format Version 12.00
# Visual Studio Version 17
VisualStudioVersion = 17.6.33815.320
MinimumVisualStudioVersion = 10.0.40219.1
Project("{FAE04EC0-301F-11D3-BF4B-00C04F79EFBC}") = "CalcLib", "CalcLib\CalcLib.csproj", "{7B1D6B96-6C88-4686-8A5B-1F5D62C62911}"
EndProject
Global
	GlobalSection(SolutionConfigurationPlatforms) = preSolution
		Debug|Any CPU = Debug|Any CPU
		Release|Any CPU = Release|Any CPU
	EndGlobalSection
	GlobalSection(ProjectConfigurationPlatforms) = postSolution
		{7B1D6B96-6C88-4686-8A5B-1F5D62C62911}.Debug|Any CPU.ActiveCfg = Debug|Any CPU
		{7B1D6B96-6C88-4686-8A5B-1F5D62C62911}.Debug|Any CPU.Build.0 = Debug|Any CPU
		{7B1D6B96-6C88-4686-8A5B-1F5D62C62911}.Release|Any CPU.ActiveCfg = Release|Any CPU
		{7B1D6B96-6C88-4686-8A5B-1F5D62C62911}.Release|Any CPU.Build.0 = Release|Any CPU
	EndGlobalSection
	GlobalSection(SolutionProperties) = preSolution
		HideSolutionNode = FALSE
	EndGlobalSection
	GlobalSection(ExtensibilityGlobals) = postSolution
		SolutionGuid = {F63BFF50-D446-4A46-8D96-92BCA5751A7B}
	EndGlobalSection
EndGlobal
