
Microsoft Visual Studio Solution File, Format Version 12.00
# Visual Studio Version 17
VisualStudioVersion = 17.6.33815.320
MinimumVisualStudioVersion = 10.0.40219.1
Project("{FAE04EC0-301F-11D3-BF4B-00C04F79EFBC}") = "UsageExample", "UsageExample\UsageExample.csproj", "{5018F893-E2E2-4530-8E96-9380D798B516}"
EndProject
Global
	GlobalSection(SolutionConfigurationPlatforms) = preSolution
		Debug|Any CPU = Debug|Any CPU
		Release|Any CPU = Release|Any CPU
	EndGlobalSection
	GlobalSection(ProjectConfigurationPlatforms) = postSolution
		{5018F893-E2E2-4530-8E96-9380D798B516}.Debug|Any CPU.ActiveCfg = Debug|Any CPU
		{5018F893-E2E2-4530-8E96-9380D798B516}.Debug|Any CPU.Build.0 = Debug|Any CPU
		{5018F893-E2E2-4530-8E96-9380D798B516}.Release|Any CPU.ActiveCfg = Release|Any CPU
		{5018F893-E2E2-4530-8E96-9380D798B516}.Release|Any CPU.Build.0 = Release|Any CPU
	EndGlobalSection
	GlobalSection(SolutionProperties) = preSolution
		HideSolutionNode = FALSE
	EndGlobalSection
	GlobalSection(ExtensibilityGlobals) = postSolution
		SolutionGuid = {1D138C5B-3C73-48CE-8472-D148D1CCD598}
	EndGlobalSection
EndGlobal
