
Microsoft Visual Studio Solution File, Format Version 12.00
# Visual Studio Version 17
VisualStudioVersion = 17.6.33815.320
MinimumVisualStudioVersion = 10.0.40219.1
Project("{FAE04EC0-301F-11D3-BF4B-00C04F79EFBC}") = "Product", "Product\Product.csproj", "{78AF552D-3591-477D-B9C1-135673C7C22E}"
EndProject
Global
	GlobalSection(SolutionConfigurationPlatforms) = preSolution
		Debug|Any CPU = Debug|Any CPU
		Release|Any CPU = Release|Any CPU
	EndGlobalSection
	GlobalSection(ProjectConfigurationPlatforms) = postSolution
		{78AF552D-3591-477D-B9C1-135673C7C22E}.Debug|Any CPU.ActiveCfg = Debug|Any CPU
		{78AF552D-3591-477D-B9C1-135673C7C22E}.Debug|Any CPU.Build.0 = Debug|Any CPU
		{78AF552D-3591-477D-B9C1-135673C7C22E}.Release|Any CPU.ActiveCfg = Release|Any CPU
		{78AF552D-3591-477D-B9C1-135673C7C22E}.Release|Any CPU.Build.0 = Release|Any CPU
	EndGlobalSection
	GlobalSection(SolutionProperties) = preSolution
		HideSolutionNode = FALSE
	EndGlobalSection
	GlobalSection(ExtensibilityGlobals) = postSolution
		SolutionGuid = {6248FC6B-DF97-4FE7-AE55-5A23EF9AE76B}
	EndGlobalSection
EndGlobal
